
Microsoft Visual Studio Solution File, Format Version 12.00
# Visual Studio 14
VisualStudioVersion = 14.0.23107.0
MinimumVisualStudioVersion = 10.0.40219.1
Project("{FAE04EC0-301F-11D3-BF4B-00C04F79EFBC}") = "Tehtava2Lotto", "Tehtava2Lotto\Tehtava2Lotto.csproj", "{94FC10E6-5A67-45B9-BF29-7930D0E74E29}"
EndProject
Project("{FAE04EC0-301F-11D3-BF4B-00C04F79EFBC}") = "Tehtava1", "Tehtava1\Tehtava1.csproj", "{DC572534-13DB-440B-A2DF-AA86E7AA6F73}"
EndProject
Project("{FAE04EC0-301F-11D3-BF4B-00C04F79EFBC}") = "Tehtava3_SM-liiga", "Tehtava3_SM-liiga\Tehtava3_SM-liiga.csproj", "{EA713E62-368E-4636-B550-FD643C39E0AF}"
EndProject
Project("{FAE04EC0-301F-11D3-BF4B-00C04F79EFBC}") = "Test4XML", "Test4XML\Test4XML.csproj", "{C907617A-FDFA-42C1-B258-4DB87D129214}"
EndProject
Project("{FAE04EC0-301F-11D3-BF4B-00C04F79EFBC}") = "ADDDataReader2", "ADDDataReader2\ADDDataReader2.csproj", "{96F91ABC-30F3-41F4-AEC4-CC71378620FC}"
EndProject
Project("{FAE04EC0-301F-11D3-BF4B-00C04F79EFBC}") = "Teht4 - ViiniKellari", "ViiniKellari\Teht4 - ViiniKellari.csproj", "{71FCD86D-F17C-4C89-A5A3-4D7CD6EC94D6}"
EndProject
Project("{FAE04EC0-301F-11D3-BF4B-00C04F79EFBC}") = "ADODataReader", "ADODataReader\ADODataReader.csproj", "{629F2915-0837-41FB-AF62-BEB76E79EABE}"
EndProject
Project("{FAE04EC0-301F-11D3-BF4B-00C04F79EFBC}") = "Teht5-Lasnaolot", "Teht5-Lasnaolot\Teht5-Lasnaolot.csproj", "{3865603C-6B39-42A5-AD65-EDD09F715F94}"
EndProject
Project("{FAE04EC0-301F-11D3-BF4B-00C04F79EFBC}") = "H10ADOBlanco", "IIO13200-ADONET-DEMO\H10ADOBlanco.csproj", "{078B472F-E0BE-4705-A004-3F2A11A96896}"
EndProject
Project("{FAE04EC0-301F-11D3-BF4B-00C04F79EFBC}") = "Demo-JSON", "Tehtava7-JSON\Demo-JSON.csproj", "{6C385126-F3A6-4E3C-8950-1B3E9EF7FFB1}"
EndProject
Project("{FAE04EC0-301F-11D3-BF4B-00C04F79EFBC}") = "T02WinLotto", "T02WinLotto\T02WinLotto.csproj", "{A557F18D-B99A-41EC-9D0E-D93C08F90D39}"
EndProject
Project("{FAE04EC0-301F-11D3-BF4B-00C04F79EFBC}") = "UnitTestForTeht2", "UnitTestForTeht2\UnitTestForTeht2.csproj", "{B8145480-C89C-4DD2-83C7-C435601C90F2}"
EndProject
Project("{FAE04EC0-301F-11D3-BF4B-00C04F79EFBC}") = "Teht08-Palaute", "Teht08-Palaute\Teht08-Palaute.csproj", "{DFECA4D9-3763-4C4E-8A16-23C29010C13E}"
EndProject
Project("{FAE04EC0-301F-11D3-BF4B-00C04F79EFBC}") = "tehtava07-junaaikataulut", "tehtava07-junaaikataulut\tehtava07-junaaikataulut.csproj", "{FE30AC3D-B54B-4102-856A-773BD6D7F128}"
EndProject
Project("{E24C65DC-7377-472B-9ABA-BC803B73C61A}") = "ASP.NET Demo(1)", "ASP.NET Demo\", "{D9645549-FD44-4436-9696-81A9BCB9C5CB}"
	ProjectSection(WebsiteProperties) = preProject
		TargetFrameworkMoniker = ".NETFramework,Version%3Dv4.5.2"
		Debug.AspNetCompiler.VirtualPath = "/localhost_6942"
		Debug.AspNetCompiler.PhysicalPath = "ASP.NET Demo\"
		Debug.AspNetCompiler.TargetPath = "PrecompiledWeb\localhost_6942\"
		Debug.AspNetCompiler.Updateable = "true"
		Debug.AspNetCompiler.ForceOverwrite = "true"
		Debug.AspNetCompiler.FixedNames = "false"
		Debug.AspNetCompiler.Debug = "True"
		Release.AspNetCompiler.VirtualPath = "/localhost_6942"
		Release.AspNetCompiler.PhysicalPath = "ASP.NET Demo\"
		Release.AspNetCompiler.TargetPath = "PrecompiledWeb\localhost_6942\"
		Release.AspNetCompiler.Updateable = "true"
		Release.AspNetCompiler.ForceOverwrite = "true"
		Release.AspNetCompiler.FixedNames = "false"
		Release.AspNetCompiler.Debug = "False"
		VWDPort = "6942"
		SlnRelativePath = "ASP.NET Demo\"
	EndProjectSection
EndProject
Project("{E24C65DC-7377-472B-9ABA-BC803B73C61A}") = "Saitti15S", "Saitti15S\", "{A5005CFE-6A38-4617-A4EB-A4688E1C1F08}"
	ProjectSection(WebsiteProperties) = preProject
		TargetFrameworkMoniker = ".NETFramework,Version%3Dv4.5.2"
		Debug.AspNetCompiler.VirtualPath = "/localhost_4559"
		Debug.AspNetCompiler.PhysicalPath = "Saitti15S\"
		Debug.AspNetCompiler.TargetPath = "PrecompiledWeb\localhost_4559\"
		Debug.AspNetCompiler.Updateable = "true"
		Debug.AspNetCompiler.ForceOverwrite = "true"
		Debug.AspNetCompiler.FixedNames = "false"
		Debug.AspNetCompiler.Debug = "True"
		Release.AspNetCompiler.VirtualPath = "/localhost_4559"
		Release.AspNetCompiler.PhysicalPath = "Saitti15S\"
		Release.AspNetCompiler.TargetPath = "PrecompiledWeb\localhost_4559\"
		Release.AspNetCompiler.Updateable = "true"
		Release.AspNetCompiler.ForceOverwrite = "true"
		Release.AspNetCompiler.FixedNames = "false"
		Release.AspNetCompiler.Debug = "False"
		VWDPort = "4559"
		SlnRelativePath = "Saitti15S\"
	EndProjectSection
EndProject
Global
	GlobalSection(SolutionConfigurationPlatforms) = preSolution
		Debug|Any CPU = Debug|Any CPU
		Release|Any CPU = Release|Any CPU
	EndGlobalSection
	GlobalSection(ProjectConfigurationPlatforms) = postSolution
		{94FC10E6-5A67-45B9-BF29-7930D0E74E29}.Debug|Any CPU.ActiveCfg = Debug|Any CPU
		{94FC10E6-5A67-45B9-BF29-7930D0E74E29}.Debug|Any CPU.Build.0 = Debug|Any CPU
		{94FC10E6-5A67-45B9-BF29-7930D0E74E29}.Release|Any CPU.ActiveCfg = Release|Any CPU
		{94FC10E6-5A67-45B9-BF29-7930D0E74E29}.Release|Any CPU.Build.0 = Release|Any CPU
		{DC572534-13DB-440B-A2DF-AA86E7AA6F73}.Debug|Any CPU.ActiveCfg = Debug|Any CPU
		{DC572534-13DB-440B-A2DF-AA86E7AA6F73}.Debug|Any CPU.Build.0 = Debug|Any CPU
		{DC572534-13DB-440B-A2DF-AA86E7AA6F73}.Release|Any CPU.ActiveCfg = Release|Any CPU
		{DC572534-13DB-440B-A2DF-AA86E7AA6F73}.Release|Any CPU.Build.0 = Release|Any CPU
		{EA713E62-368E-4636-B550-FD643C39E0AF}.Debug|Any CPU.ActiveCfg = Debug|Any CPU
		{EA713E62-368E-4636-B550-FD643C39E0AF}.Debug|Any CPU.Build.0 = Debug|Any CPU
		{EA713E62-368E-4636-B550-FD643C39E0AF}.Release|Any CPU.ActiveCfg = Release|Any CPU
		{EA713E62-368E-4636-B550-FD643C39E0AF}.Release|Any CPU.Build.0 = Release|Any CPU
		{C907617A-FDFA-42C1-B258-4DB87D129214}.Debug|Any CPU.ActiveCfg = Debug|Any CPU
		{C907617A-FDFA-42C1-B258-4DB87D129214}.Debug|Any CPU.Build.0 = Debug|Any CPU
		{C907617A-FDFA-42C1-B258-4DB87D129214}.Release|Any CPU.ActiveCfg = Release|Any CPU
		{C907617A-FDFA-42C1-B258-4DB87D129214}.Release|Any CPU.Build.0 = Release|Any CPU
		{96F91ABC-30F3-41F4-AEC4-CC71378620FC}.Debug|Any CPU.ActiveCfg = Debug|Any CPU
		{96F91ABC-30F3-41F4-AEC4-CC71378620FC}.Debug|Any CPU.Build.0 = Debug|Any CPU
		{96F91ABC-30F3-41F4-AEC4-CC71378620FC}.Release|Any CPU.ActiveCfg = Release|Any CPU
		{96F91ABC-30F3-41F4-AEC4-CC71378620FC}.Release|Any CPU.Build.0 = Release|Any CPU
		{71FCD86D-F17C-4C89-A5A3-4D7CD6EC94D6}.Debug|Any CPU.ActiveCfg = Debug|Any CPU
		{71FCD86D-F17C-4C89-A5A3-4D7CD6EC94D6}.Debug|Any CPU.Build.0 = Debug|Any CPU
		{71FCD86D-F17C-4C89-A5A3-4D7CD6EC94D6}.Release|Any CPU.ActiveCfg = Release|Any CPU
		{71FCD86D-F17C-4C89-A5A3-4D7CD6EC94D6}.Release|Any CPU.Build.0 = Release|Any CPU
		{629F2915-0837-41FB-AF62-BEB76E79EABE}.Debug|Any CPU.ActiveCfg = Debug|Any CPU
		{629F2915-0837-41FB-AF62-BEB76E79EABE}.Debug|Any CPU.Build.0 = Debug|Any CPU
		{629F2915-0837-41FB-AF62-BEB76E79EABE}.Release|Any CPU.ActiveCfg = Release|Any CPU
		{629F2915-0837-41FB-AF62-BEB76E79EABE}.Release|Any CPU.Build.0 = Release|Any CPU
		{3865603C-6B39-42A5-AD65-EDD09F715F94}.Debug|Any CPU.ActiveCfg = Debug|Any CPU
		{3865603C-6B39-42A5-AD65-EDD09F715F94}.Debug|Any CPU.Build.0 = Debug|Any CPU
		{3865603C-6B39-42A5-AD65-EDD09F715F94}.Release|Any CPU.ActiveCfg = Release|Any CPU
		{3865603C-6B39-42A5-AD65-EDD09F715F94}.Release|Any CPU.Build.0 = Release|Any CPU
		{078B472F-E0BE-4705-A004-3F2A11A96896}.Debug|Any CPU.ActiveCfg = Debug|Any CPU
		{078B472F-E0BE-4705-A004-3F2A11A96896}.Debug|Any CPU.Build.0 = Debug|Any CPU
		{078B472F-E0BE-4705-A004-3F2A11A96896}.Release|Any CPU.ActiveCfg = Release|Any CPU
		{078B472F-E0BE-4705-A004-3F2A11A96896}.Release|Any CPU.Build.0 = Release|Any CPU
		{6C385126-F3A6-4E3C-8950-1B3E9EF7FFB1}.Debug|Any CPU.ActiveCfg = Debug|Any CPU
		{6C385126-F3A6-4E3C-8950-1B3E9EF7FFB1}.Debug|Any CPU.Build.0 = Debug|Any CPU
		{6C385126-F3A6-4E3C-8950-1B3E9EF7FFB1}.Release|Any CPU.ActiveCfg = Release|Any CPU
		{6C385126-F3A6-4E3C-8950-1B3E9EF7FFB1}.Release|Any CPU.Build.0 = Release|Any CPU
		{A557F18D-B99A-41EC-9D0E-D93C08F90D39}.Debug|Any CPU.ActiveCfg = Debug|Any CPU
		{A557F18D-B99A-41EC-9D0E-D93C08F90D39}.Debug|Any CPU.Build.0 = Debug|Any CPU
		{A557F18D-B99A-41EC-9D0E-D93C08F90D39}.Release|Any CPU.ActiveCfg = Release|Any CPU
		{A557F18D-B99A-41EC-9D0E-D93C08F90D39}.Release|Any CPU.Build.0 = Release|Any CPU
		{B8145480-C89C-4DD2-83C7-C435601C90F2}.Debug|Any CPU.ActiveCfg = Debug|Any CPU
		{B8145480-C89C-4DD2-83C7-C435601C90F2}.Debug|Any CPU.Build.0 = Debug|Any CPU
		{B8145480-C89C-4DD2-83C7-C435601C90F2}.Release|Any CPU.ActiveCfg = Release|Any CPU
		{B8145480-C89C-4DD2-83C7-C435601C90F2}.Release|Any CPU.Build.0 = Release|Any CPU
		{DFECA4D9-3763-4C4E-8A16-23C29010C13E}.Debug|Any CPU.ActiveCfg = Debug|Any CPU
		{DFECA4D9-3763-4C4E-8A16-23C29010C13E}.Debug|Any CPU.Build.0 = Debug|Any CPU
		{DFECA4D9-3763-4C4E-8A16-23C29010C13E}.Release|Any CPU.ActiveCfg = Release|Any CPU
		{DFECA4D9-3763-4C4E-8A16-23C29010C13E}.Release|Any CPU.Build.0 = Release|Any CPU
		{FE30AC3D-B54B-4102-856A-773BD6D7F128}.Debug|Any CPU.ActiveCfg = Debug|Any CPU
		{FE30AC3D-B54B-4102-856A-773BD6D7F128}.Debug|Any CPU.Build.0 = Debug|Any CPU
		{FE30AC3D-B54B-4102-856A-773BD6D7F128}.Release|Any CPU.ActiveCfg = Release|Any CPU
		{FE30AC3D-B54B-4102-856A-773BD6D7F128}.Release|Any CPU.Build.0 = Release|Any CPU
		{D9645549-FD44-4436-9696-81A9BCB9C5CB}.Debug|Any CPU.ActiveCfg = Debug|Any CPU
		{D9645549-FD44-4436-9696-81A9BCB9C5CB}.Debug|Any CPU.Build.0 = Debug|Any CPU
		{D9645549-FD44-4436-9696-81A9BCB9C5CB}.Release|Any CPU.ActiveCfg = Debug|Any CPU
		{D9645549-FD44-4436-9696-81A9BCB9C5CB}.Release|Any CPU.Build.0 = Debug|Any CPU
		{A5005CFE-6A38-4617-A4EB-A4688E1C1F08}.Debug|Any CPU.ActiveCfg = Debug|Any CPU
		{A5005CFE-6A38-4617-A4EB-A4688E1C1F08}.Debug|Any CPU.Build.0 = Debug|Any CPU
		{A5005CFE-6A38-4617-A4EB-A4688E1C1F08}.Release|Any CPU.ActiveCfg = Debug|Any CPU
		{A5005CFE-6A38-4617-A4EB-A4688E1C1F08}.Release|Any CPU.Build.0 = Debug|Any CPU
	EndGlobalSection
	GlobalSection(SolutionProperties) = preSolution
		HideSolutionNode = FALSE
	EndGlobalSection
EndGlobal
